
Microsoft Visual Studio Solution File, Format Version 12.00
# Visual Studio Version 17
VisualStudioVersion = 17.13.35919.96 d17.13
MinimumVisualStudioVersion = 10.0.40219.1
Project("{8BC9CEB8-8B4A-11D0-8D11-00A0C91BC942}") = "250414Cclass", "250414Cclass.vcxproj", "{94BF2694-C38F-4984-951F-4183F96A5778}"
EndProject
Global
	GlobalSection(SolutionConfigurationPlatforms) = preSolution
		Debug|x64 = Debug|x64
		Debug|x86 = Debug|x86
		Release|x64 = Release|x64
		Release|x86 = Release|x86
	EndGlobalSection
	GlobalSection(ProjectConfigurationPlatforms) = postSolution
		{94BF2694-C38F-4984-951F-4183F96A5778}.Debug|x64.ActiveCfg = Debug|x64
		{94BF2694-C38F-4984-951F-4183F96A5778}.Debug|x64.Build.0 = Debug|x64
		{94BF2694-C38F-4984-951F-4183F96A5778}.Debug|x86.ActiveCfg = Debug|Win32
		{94BF2694-C38F-4984-951F-4183F96A5778}.Debug|x86.Build.0 = Debug|Win32
		{94BF2694-C38F-4984-951F-4183F96A5778}.Release|x64.ActiveCfg = Release|x64
		{94BF2694-C38F-4984-951F-4183F96A5778}.Release|x64.Build.0 = Release|x64
		{94BF2694-C38F-4984-951F-4183F96A5778}.Release|x86.ActiveCfg = Release|Win32
		{94BF2694-C38F-4984-951F-4183F96A5778}.Release|x86.Build.0 = Release|Win32
	EndGlobalSection
	GlobalSection(SolutionProperties) = preSolution
		HideSolutionNode = FALSE
	EndGlobalSection
	GlobalSection(ExtensibilityGlobals) = postSolution
		SolutionGuid = {3AAE54CD-0BA5-4DEB-BEBA-8C5B1C4F4EFB}
	EndGlobalSection
EndGlobal
